// !$*UTF8*$!
{
	archiveVersion = 1;
	classes = {
	};
	objectVersion = 48;
	objects = {

/* Begin PBXBuildFile section */
		8566F78B2024094B0078CDB2 /* AppDelegate.m in Sources */ = {isa = PBXBuildFile; fileRef = 8566F78A2024094B0078CDB2 /* AppDelegate.m */; };
		8566F78E2024094B0078CDB2 /* ViewController.m in Sources */ = {isa = PBXBuildFile; fileRef = 8566F78D2024094B0078CDB2 /* ViewController.m */; };
		8566F7912024094B0078CDB2 /* Main.storyboard in Resources */ = {isa = PBXBuildFile; fileRef = 8566F78F2024094B0078CDB2 /* Main.storyboard */; };
		8566F7932024094B0078CDB2 /* Assets.xcassets in Resources */ = {isa = PBXBuildFile; fileRef = 8566F7922024094B0078CDB2 /* Assets.xcassets */; };
		8566F7962024094B0078CDB2 /* LaunchScreen.storyboard in Resources */ = {isa = PBXBuildFile; fileRef = 8566F7942024094B0078CDB2 /* LaunchScreen.storyboard */; };
		8566F7992024094B0078CDB2 /* main.m in Sources */ = {isa = PBXBuildFile; fileRef = 8566F7982024094B0078CDB2 /* main.m */; };
		8566F7A32024094B0078CDB2 /* RuntimeTests.m in Sources */ = {isa = PBXBuildFile; fileRef = 8566F7A22024094B0078CDB2 /* RuntimeTests.m */; };
		8566F7AE2024094B0078CDB2 /* RuntimeUITests.m in Sources */ = {isa = PBXBuildFile; fileRef = 8566F7AD2024094B0078CDB2 /* RuntimeUITests.m */; };
		8566F7BF202409B80078CDB2 /* Person.m in Sources */ = {isa = PBXBuildFile; fileRef = 8566F7BE202409B80078CDB2 /* Person.m */; };
		8566F7C2202409D70078CDB2 /* NSObject+Property.m in Sources */ = {isa = PBXBuildFile; fileRef = 8566F7C1202409D70078CDB2 /* NSObject+Property.m */; };
		8566F7C6202413D20078CDB2 /* NSObject+Model.m in Sources */ = {isa = PBXBuildFile; fileRef = 8566F7C5202413D20078CDB2 /* NSObject+Model.m */; };
		8582CF572029498B00FA91C1 /* score.m in Sources */ = {isa = PBXBuildFile; fileRef = 8582CF562029498B00FA91C1 /* score.m */; };
		8582CF5A20294CE100FA91C1 /* subject.m in Sources */ = {isa = PBXBuildFile; fileRef = 8582CF5920294CE100FA91C1 /* subject.m */; };
/* End PBXBuildFile section */

/* Begin PBXContainerItemProxy section */
		8566F79F2024094B0078CDB2 /* PBXContainerItemProxy */ = {
			isa = PBXContainerItemProxy;
			containerPortal = 8566F77E2024094B0078CDB2 /* Project object */;
			proxyType = 1;
			remoteGlobalIDString = 8566F7852024094B0078CDB2;
			remoteInfo = Runtime;
		};
		8566F7AA2024094B0078CDB2 /* PBXContainerItemProxy */ = {
			isa = PBXContainerItemProxy;
			containerPortal = 8566F77E2024094B0078CDB2 /* Project object */;
			proxyType = 1;
			remoteGlobalIDString = 8566F7852024094B0078CDB2;
			remoteInfo = Runtime;
		};
/* End PBXContainerItemProxy section */

/* Begin PBXFileReference section */
		8566F7862024094B0078CDB2 /* Runtime.app */ = {isa = PBXFileReference; explicitFileType = wrapper.application; includeInIndex = 0; path = Runtime.app; sourceTree = BUILT_PRODUCTS_DIR; };
		8566F7892024094B0078CDB2 /* AppDelegate.h */ = {isa = PBXFileReference; lastKnownFileType = sourcecode.c.h; path = AppDelegate.h; sourceTree = "<group>"; };
		8566F78A2024094B0078CDB2 /* AppDelegate.m */ = {isa = PBXFileReference; lastKnownFileType = sourcecode.c.objc; path = AppDelegate.m; sourceTree = "<group>"; };
		8566F78C2024094B0078CDB2 /* ViewController.h */ = {isa = PBXFileReference; lastKnownFileType = sourcecode.c.h; path = ViewController.h; sourceTree = "<group>"; };
		8566F78D2024094B0078CDB2 /* ViewController.m */ = {isa = PBXFileReference; lastKnownFileType = sourcecode.c.objc; path = ViewController.m; sourceTree = "<group>"; };
		8566F7902024094B0078CDB2 /* Base */ = {isa = PBXFileReference; lastKnownFileType = file.storyboard; name = Base; path = Base.lproj/Main.storyboard; sourceTree = "<group>"; };
		8566F7922024094B0078CDB2 /* Assets.xcassets */ = {isa = PBXFileReference; lastKnownFileType = folder.assetcatalog; path = Assets.xcassets; sourceTree = "<group>"; };
		8566F7952024094B0078CDB2 /* Base */ = {isa = PBXFileReference; lastKnownFileType = file.storyboard; name = Base; path = Base.lproj/LaunchScreen.storyboard; sourceTree = "<group>"; };
		8566F7972024094B0078CDB2 /* Info.plist */ = {isa = PBXFileReference; lastKnownFileType = text.plist.xml; path = Info.plist; sourceTree = "<group>"; };
		8566F7982024094B0078CDB2 /* main.m */ = {isa = PBXFileReference; lastKnownFileType = sourcecode.c.objc; path = main.m; sourceTree = "<group>"; };
		8566F79E2024094B0078CDB2 /* RuntimeTests.xctest */ = {isa = PBXFileReference; explicitFileType = wrapper.cfbundle; includeInIndex = 0; path = RuntimeTests.xctest; sourceTree = BUILT_PRODUCTS_DIR; };
		8566F7A22024094B0078CDB2 /* RuntimeTests.m */ = {isa = PBXFileReference; lastKnownFileType = sourcecode.c.objc; path = RuntimeTests.m; sourceTree = "<group>"; };
		8566F7A42024094B0078CDB2 /* Info.plist */ = {isa = PBXFileReference; lastKnownFileType = text.plist.xml; path = Info.plist; sourceTree = "<group>"; };
		8566F7A92024094B0078CDB2 /* RuntimeUITests.xctest */ = {isa = PBXFileReference; explicitFileType = wrapper.cfbundle; includeInIndex = 0; path = RuntimeUITests.xctest; sourceTree = BUILT_PRODUCTS_DIR; };
		8566F7AD2024094B0078CDB2 /* RuntimeUITests.m */ = {isa = PBXFileReference; lastKnownFileType = sourcecode.c.objc; path = RuntimeUITests.m; sourceTree = "<group>"; };
		8566F7AF2024094B0078CDB2 /* Info.plist */ = {isa = PBXFileReference; lastKnownFileType = text.plist.xml; path = Info.plist; sourceTree = "<group>"; };
		8566F7BD202409B80078CDB2 /* Person.h */ = {isa = PBXFileReference; lastKnownFileType = sourcecode.c.h; path = Person.h; sourceTree = "<group>"; };
		8566F7BE202409B80078CDB2 /* Person.m */ = {isa = PBXFileReference; lastKnownFileType = sourcecode.c.objc; path = Person.m; sourceTree = "<group>"; };
		8566F7C0202409D70078CDB2 /* NSObject+Property.h */ = {isa = PBXFileReference; lastKnownFileType = sourcecode.c.h; path = "NSObject+Property.h"; sourceTree = "<group>"; };
		8566F7C1202409D70078CDB2 /* NSObject+Property.m */ = {isa = PBXFileReference; lastKnownFileType = sourcecode.c.objc; path = "NSObject+Property.m"; sourceTree = "<group>"; };
		8566F7C4202413D20078CDB2 /* NSObject+Model.h */ = {isa = PBXFileReference; lastKnownFileType = sourcecode.c.h; path = "NSObject+Model.h"; sourceTree = "<group>"; };
		8566F7C5202413D20078CDB2 /* NSObject+Model.m */ = {isa = PBXFileReference; lastKnownFileType = sourcecode.c.objc; path = "NSObject+Model.m"; sourceTree = "<group>"; };
		8582CF552029498B00FA91C1 /* score.h */ = {isa = PBXFileReference; lastKnownFileType = sourcecode.c.h; path = score.h; sourceTree = "<group>"; };
		8582CF562029498B00FA91C1 /* score.m */ = {isa = PBXFileReference; lastKnownFileType = sourcecode.c.objc; path = score.m; sourceTree = "<group>"; };
		8582CF5820294CE100FA91C1 /* subject.h */ = {isa = PBXFileReference; lastKnownFileType = sourcecode.c.h; path = subject.h; sourceTree = "<group>"; };
		8582CF5920294CE100FA91C1 /* subject.m */ = {isa = PBXFileReference; lastKnownFileType = sourcecode.c.objc; path = subject.m; sourceTree = "<group>"; };
/* End PBXFileReference section */

/* Begin PBXFrameworksBuildPhase section */
		8566F7832024094B0078CDB2 /* Frameworks */ = {
			isa = PBXFrameworksBuildPhase;
			buildActionMask = 2147483647;
			files = (
			);
			runOnlyForDeploymentPostprocessing = 0;
		};
		8566F79B2024094B0078CDB2 /* Frameworks */ = {
			isa = PBXFrameworksBuildPhase;
			buildActionMask = 2147483647;
			files = (
			);
			runOnlyForDeploymentPostprocessing = 0;
		};
		8566F7A62024094B0078CDB2 /* Frameworks */ = {
			isa = PBXFrameworksBuildPhase;
			buildActionMask = 2147483647;
			files = (
			);
			runOnlyForDeploymentPostprocessing = 0;
		};
/* End PBXFrameworksBuildPhase section */

/* Begin PBXGroup section */
		8566F77D2024094B0078CDB2 = {
			isa = PBXGroup;
			children = (
				8566F7882024094B0078CDB2 /* Runtime */,
				8566F7A12024094B0078CDB2 /* RuntimeTests */,
				8566F7AC2024094B0078CDB2 /* RuntimeUITests */,
				8566F7872024094B0078CDB2 /* Products */,
			);
			sourceTree = "<group>";
		};
		8566F7872024094B0078CDB2 /* Products */ = {
			isa = PBXGroup;
			children = (
				8566F7862024094B0078CDB2 /* Runtime.app */,
				8566F79E2024094B0078CDB2 /* RuntimeTests.xctest */,
				8566F7A92024094B0078CDB2 /* RuntimeUITests.xctest */,
			);
			name = Products;
			sourceTree = "<group>";
		};
		8566F7882024094B0078CDB2 /* Runtime */ = {
			isa = PBXGroup;
			children = (
				8566F7BC202409A40078CDB2 /* Category */,
				8566F7BB202409A40078CDB2 /* Model */,
				8566F7892024094B0078CDB2 /* AppDelegate.h */,
				8566F78A2024094B0078CDB2 /* AppDelegate.m */,
				8566F78C2024094B0078CDB2 /* ViewController.h */,
				8566F78D2024094B0078CDB2 /* ViewController.m */,
				8566F78F2024094B0078CDB2 /* Main.storyboard */,
				8566F7922024094B0078CDB2 /* Assets.xcassets */,
				8566F7942024094B0078CDB2 /* LaunchScreen.storyboard */,
				8566F7972024094B0078CDB2 /* Info.plist */,
				8566F7982024094B0078CDB2 /* main.m */,
			);
			path = Runtime;
			sourceTree = "<group>";
		};
		8566F7A12024094B0078CDB2 /* RuntimeTests */ = {
			isa = PBXGroup;
			children = (
				8566F7A22024094B0078CDB2 /* RuntimeTests.m */,
				8566F7A42024094B0078CDB2 /* Info.plist */,
			);
			path = RuntimeTests;
			sourceTree = "<group>";
		};
		8566F7AC2024094B0078CDB2 /* RuntimeUITests */ = {
			isa = PBXGroup;
			children = (
				8566F7AD2024094B0078CDB2 /* RuntimeUITests.m */,
				8566F7AF2024094B0078CDB2 /* Info.plist */,
			);
			path = RuntimeUITests;
			sourceTree = "<group>";
		};
		8566F7BB202409A40078CDB2 /* Model */ = {
			isa = PBXGroup;
			children = (
				8566F7BD202409B80078CDB2 /* Person.h */,
				8566F7BE202409B80078CDB2 /* Person.m */,
				8582CF552029498B00FA91C1 /* score.h */,
				8582CF562029498B00FA91C1 /* score.m */,
				8582CF5820294CE100FA91C1 /* subject.h */,
				8582CF5920294CE100FA91C1 /* subject.m */,
			);
			path = Model;
			sourceTree = "<group>";
		};
		8566F7BC202409A40078CDB2 /* Category */ = {
			isa = PBXGroup;
			children = (
				8566F7C0202409D70078CDB2 /* NSObject+Property.h */,
				8566F7C1202409D70078CDB2 /* NSObject+Property.m */,
				8566F7C4202413D20078CDB2 /* NSObject+Model.h */,
				8566F7C5202413D20078CDB2 /* NSObject+Model.m */,
			);
			path = Category;
			sourceTree = "<group>";
		};
/* End PBXGroup section */

/* Begin PBXNativeTarget section */
		8566F7852024094B0078CDB2 /* Runtime */ = {
			isa = PBXNativeTarget;
			buildConfigurationList = 8566F7B22024094B0078CDB2 /* Build configuration list for PBXNativeTarget "Runtime" */;
			buildPhases = (
				8566F7822024094B0078CDB2 /* Sources */,
				8566F7832024094B0078CDB2 /* Frameworks */,
				8566F7842024094B0078CDB2 /* Resources */,
			);
			buildRules = (
			);
			dependencies = (
			);
			name = Runtime;
			productName = Runtime;
			productReference = 8566F7862024094B0078CDB2 /* Runtime.app */;
			productType = "com.apple.product-type.application";
		};
		8566F79D2024094B0078CDB2 /* RuntimeTests */ = {
			isa = PBXNativeTarget;
			buildConfigurationList = 8566F7B52024094B0078CDB2 /* Build configuration list for PBXNativeTarget "RuntimeTests" */;
			buildPhases = (
				8566F79A2024094B0078CDB2 /* Sources */,
				8566F79B2024094B0078CDB2 /* Frameworks */,
				8566F79C2024094B0078CDB2 /* Resources */,
			);
			buildRules = (
			);
			dependencies = (
				8566F7A02024094B0078CDB2 /* PBXTargetDependency */,
			);
			name = RuntimeTests;
			productName = RuntimeTests;
			productReference = 8566F79E2024094B0078CDB2 /* RuntimeTests.xctest */;
			productType = "com.apple.product-type.bundle.unit-test";
		};
		8566F7A82024094B0078CDB2 /* RuntimeUITests */ = {
			isa = PBXNativeTarget;
			buildConfigurationList = 8566F7B82024094B0078CDB2 /* Build configuration list for PBXNativeTarget "RuntimeUITests" */;
			buildPhases = (
				8566F7A52024094B0078CDB2 /* Sources */,
				8566F7A62024094B0078CDB2 /* Frameworks */,
				8566F7A72024094B0078CDB2 /* Resources */,
			);
			buildRules = (
			);
			dependencies = (
				8566F7AB2024094B0078CDB2 /* PBXTargetDependency */,
			);
			name = RuntimeUITests;
			productName = RuntimeUITests;
			productReference = 8566F7A92024094B0078CDB2 /* RuntimeUITests.xctest */;
			productType = "com.apple.product-type.bundle.ui-testing";
		};
/* End PBXNativeTarget section */

/* Begin PBXProject section */
		8566F77E2024094B0078CDB2 /* Project object */ = {
			isa = PBXProject;
			attributes = {
				LastUpgradeCheck = 0900;
				ORGANIZATIONNAME = "情风";
				TargetAttributes = {
					8566F7852024094B0078CDB2 = {
						CreatedOnToolsVersion = 9.0;
						ProvisioningStyle = Automatic;
					};
					8566F79D2024094B0078CDB2 = {
						CreatedOnToolsVersion = 9.0;
						ProvisioningStyle = Automatic;
						TestTargetID = 8566F7852024094B0078CDB2;
					};
					8566F7A82024094B0078CDB2 = {
						CreatedOnToolsVersion = 9.0;
						ProvisioningStyle = Automatic;
						TestTargetID = 8566F7852024094B0078CDB2;
					};
				};
			};
			buildConfigurationList = 8566F7812024094B0078CDB2 /* Build configuration list for PBXProject "Runtime" */;
			compatibilityVersion = "Xcode 8.0";
			developmentRegion = en;
			hasScannedForEncodings = 0;
			knownRegions = (
				en,
				Base,
			);
			mainGroup = 8566F77D2024094B0078CDB2;
			productRefGroup = 8566F7872024094B0078CDB2 /* Products */;
			projectDirPath = "";
			projectRoot = "";
			targets = (
				8566F7852024094B0078CDB2 /* Runtime */,
				8566F79D2024094B0078CDB2 /* RuntimeTests */,
				8566F7A82024094B0078CDB2 /* RuntimeUITests */,
			);
		};
/* End PBXProject section */

/* Begin PBXResourcesBuildPhase section */
		8566F7842024094B0078CDB2 /* Resources */ = {
			isa = PBXResourcesBuildPhase;
			buildActionMask = 2147483647;
			files = (
				8566F7962024094B0078CDB2 /* LaunchScreen.storyboard in Resources */,
				8566F7932024094B0078CDB2 /* Assets.xcassets in Resources */,
				8566F7912024094B0078CDB2 /* Main.storyboard in Resources */,
			);
			runOnlyForDeploymentPostprocessing = 0;
		};
		8566F79C2024094B0078CDB2 /* Resources */ = {
			isa = PBXResourcesBuildPhase;
			buildActionMask = 2147483647;
			files = (
			);
			runOnlyForDeploymentPostprocessing = 0;
		};
		8566F7A72024094B0078CDB2 /* Resources */ = {
			isa = PBXResourcesBuildPhase;
			buildActionMask = 2147483647;
			files = (
			);
			runOnlyForDeploymentPostprocessing = 0;
		};
/* End PBXResourcesBuildPhase section */

/* Begin PBXSourcesBuildPhase section */
		8566F7822024094B0078CDB2 /* Sources */ = {
			isa = PBXSourcesBuildPhase;
			buildActionMask = 2147483647;
			files = (
				8566F78E2024094B0078CDB2 /* ViewController.m in Sources */,
				8566F7992024094B0078CDB2 /* main.m in Sources */,
				8582CF572029498B00FA91C1 /* score.m in Sources */,
				8566F7BF202409B80078CDB2 /* Person.m in Sources */,
				8582CF5A20294CE100FA91C1 /* subject.m in Sources */,
				8566F7C6202413D20078CDB2 /* NSObject+Model.m in Sources */,
				8566F7C2202409D70078CDB2 /* NSObject+Property.m in Sources */,
				8566F78B2024094B0078CDB2 /* AppDelegate.m in Sources */,
			);
			runOnlyForDeploymentPostprocessing = 0;
		};
		8566F79A2024094B0078CDB2 /* Sources */ = {
			isa = PBXSourcesBuildPhase;
			buildActionMask = 2147483647;
			files = (
				8566F7A32024094B0078CDB2 /* RuntimeTests.m in Sources */,
			);
			runOnlyForDeploymentPostprocessing = 0;
		};
		8566F7A52024094B0078CDB2 /* Sources */ = {
			isa = PBXSourcesBuildPhase;
			buildActionMask = 2147483647;
			files = (
				8566F7AE2024094B0078CDB2 /* RuntimeUITests.m in Sources */,
			);
			runOnlyForDeploymentPostprocessing = 0;
		};
/* End PBXSourcesBuildPhase section */

/* Begin PBXTargetDependency section */
		8566F7A02024094B0078CDB2 /* PBXTargetDependency */ = {
			isa = PBXTargetDependency;
			target = 8566F7852024094B0078CDB2 /* Runtime */;
			targetProxy = 8566F79F2024094B0078CDB2 /* PBXContainerItemProxy */;
		};
		8566F7AB2024094B0078CDB2 /* PBXTargetDependency */ = {
			isa = PBXTargetDependency;
			target = 8566F7852024094B0078CDB2 /* Runtime */;
			targetProxy = 8566F7AA2024094B0078CDB2 /* PBXContainerItemProxy */;
		};
/* End PBXTargetDependency section */

/* Begin PBXVariantGroup section */
		8566F78F2024094B0078CDB2 /* Main.storyboard */ = {
			isa = PBXVariantGroup;
			children = (
				8566F7902024094B0078CDB2 /* Base */,
			);
			name = Main.storyboard;
			sourceTree = "<group>";
		};
		8566F7942024094B0078CDB2 /* LaunchScreen.storyboard */ = {
			isa = PBXVariantGroup;
			children = (
				8566F7952024094B0078CDB2 /* Base */,
			);
			name = LaunchScreen.storyboard;
			sourceTree = "<group>";
		};
/* End PBXVariantGroup section */

/* Begin XCBuildConfiguration section */
		8566F7B02024094B0078CDB2 /* Debug */ = {
			isa = XCBuildConfiguration;
			buildSettings = {
				ALWAYS_SEARCH_USER_PATHS = NO;
				CLANG_ANALYZER_NONNULL = YES;
				CLANG_ANALYZER_NUMBER_OBJECT_CONVERSION = YES_AGGRESSIVE;
				CLANG_CXX_LANGUAGE_STANDARD = "gnu++14";
				CLANG_CXX_LIBRARY = "libc++";
				CLANG_ENABLE_MODULES = YES;
				CLANG_ENABLE_OBJC_ARC = YES;
				CLANG_WARN_BLOCK_CAPTURE_AUTORELEASING = YES;
				CLANG_WARN_BOOL_CONVERSION = YES;
				CLANG_WARN_COMMA = YES;
				CLANG_WARN_CONSTANT_CONVERSION = YES;
				CLANG_WARN_DIRECT_OBJC_ISA_USAGE = YES_ERROR;
				CLANG_WARN_DOCUMENTATION_COMMENTS = YES;
				CLANG_WARN_EMPTY_BODY = YES;
				CLANG_WARN_ENUM_CONVERSION = YES;
				CLANG_WARN_INFINITE_RECURSION = YES;
				CLANG_WARN_INT_CONVERSION = YES;
				CLANG_WARN_NON_LITERAL_NULL_CONVERSION = YES;
				CLANG_WARN_OBJC_LITERAL_CONVERSION = YES;
				CLANG_WARN_OBJC_ROOT_CLASS = YES_ERROR;
				CLANG_WARN_RANGE_LOOP_ANALYSIS = YES;
				CLANG_WARN_STRICT_PROTOTYPES = YES;
				CLANG_WARN_SUSPICIOUS_MOVE = YES;
				CLANG_WARN_UNGUARDED_AVAILABILITY = YES_AGGRESSIVE;
				CLANG_WARN_UNREACHABLE_CODE = YES;
				CLANG_WARN__DUPLICATE_METHOD_MATCH = YES;
				CODE_SIGN_IDENTITY = "iPhone Developer";
				COPY_PHASE_STRIP = NO;
				DEBUG_INFORMATION_FORMAT = dwarf;
				ENABLE_STRICT_OBJC_MSGSEND = YES;
				ENABLE_TESTABILITY = YES;
				GCC_C_LANGUAGE_STANDARD = gnu11;
				GCC_DYNAMIC_NO_PIC = NO;
				GCC_NO_COMMON_BLOCKS = YES;
				GCC_OPTIMIZATION_LEVEL = 0;
				GCC_PREPROCESSOR_DEFINITIONS = (
					"DEBUG=1",
					"$(inherited)",
				);
				GCC_WARN_64_TO_32_BIT_CONVERSION = YES;
				GCC_WARN_ABOUT_RETURN_TYPE = YES_ERROR;
				GCC_WARN_UNDECLARED_SELECTOR = YES;
				GCC_WARN_UNINITIALIZED_AUTOS = YES_AGGRESSIVE;
				GCC_WARN_UNUSED_FUNCTION = YES;
				GCC_WARN_UNUSED_VARIABLE = YES;
				IPHONEOS_DEPLOYMENT_TARGET = 11.0;
				MTL_ENABLE_DEBUG_INFO = YES;
				ONLY_ACTIVE_ARCH = YES;
				SDKROOT = iphoneos;
			};
			name = Debug;
		};
		8566F7B12024094B0078CDB2 /* Release */ = {
			isa = XCBuildConfiguration;
			buildSettings = {
				ALWAYS_SEARCH_USER_PATHS = NO;
				CLANG_ANALYZER_NONNULL = YES;
				CLANG_ANALYZER_NUMBER_OBJECT_CONVERSION = YES_AGGRESSIVE;
				CLANG_CXX_LANGUAGE_STANDARD = "gnu++14";
				CLANG_CXX_LIBRARY = "libc++";
				CLANG_ENABLE_MODULES = YES;
				CLANG_ENABLE_OBJC_ARC = YES;
				CLANG_WARN_BLOCK_CAPTURE_AUTORELEASING = YES;
				CLANG_WARN_BOOL_CONVERSION = YES;
				CLANG_WARN_COMMA = YES;
				CLANG_WARN_CONSTANT_CONVERSION = YES;
				CLANG_WARN_DIRECT_OBJC_ISA_USAGE = YES_ERROR;
				CLANG_WARN_DOCUMENTATION_COMMENTS = YES;
				CLANG_WARN_EMPTY_BODY = YES;
				CLANG_WARN_ENUM_CONVERSION = YES;
				CLANG_WARN_INFINITE_RECURSION = YES;
				CLANG_WARN_INT_CONVERSION = YES;
				CLANG_WARN_NON_LITERAL_NULL_CONVERSION = YES;
				CLANG_WARN_OBJC_LITERAL_CONVERSION = YES;
				CLANG_WARN_OBJC_ROOT_CLASS = YES_ERROR;
				CLANG_WARN_RANGE_LOOP_ANALYSIS = YES;
				CLANG_WARN_STRICT_PROTOTYPES = YES;
				CLANG_WARN_SUSPICIOUS_MOVE = YES;
				CLANG_WARN_UNGUARDED_AVAILABILITY = YES_AGGRESSIVE;
				CLANG_WARN_UNREACHABLE_CODE = YES;
				CLANG_WARN__DUPLICATE_METHOD_MATCH = YES;
				CODE_SIGN_IDENTITY = "iPhone Developer";
				COPY_PHASE_STRIP = NO;
				DEBUG_INFORMATION_FORMAT = "dwarf-with-dsym";
				ENABLE_NS_ASSERTIONS = NO;
				ENABLE_STRICT_OBJC_MSGSEND = YES;
				GCC_C_LANGUAGE_STANDARD = gnu11;
				GCC_NO_COMMON_BLOCKS = YES;
				GCC_WARN_64_TO_32_BIT_CONVERSION = YES;
				GCC_WARN_ABOUT_RETURN_TYPE = YES_ERROR;
				GCC_WARN_UNDECLARED_SELECTOR = YES;
				GCC_WARN_UNINITIALIZED_AUTOS = YES_AGGRESSIVE;
				GCC_WARN_UNUSED_FUNCTION = YES;
				GCC_WARN_UNUSED_VARIABLE = YES;
				IPHONEOS_DEPLOYMENT_TARGET = 11.0;
				MTL_ENABLE_DEBUG_INFO = NO;
				SDKROOT = iphoneos;
				VALIDATE_PRODUCT = YES;
			};
			name = Release;
		};
		8566F7B32024094B0078CDB2 /* Debug */ = {
			isa = XCBuildConfiguration;
			buildSettings = {
				ASSETCATALOG_COMPILER_APPICON_NAME = AppIcon;
				CODE_SIGN_STYLE = Automatic;
				DEVELOPMENT_TEAM = DZK6T3AW3W;
				INFOPLIST_FILE = Runtime/Info.plist;
				IPHONEOS_DEPLOYMENT_TARGET = 10.0;
				LD_RUNPATH_SEARCH_PATHS = "$(inherited) @executable_path/Frameworks";
				PRODUCT_BUNDLE_IDENTIFIER = "--.Runtime";
				PRODUCT_NAME = "$(TARGET_NAME)";
				TARGETED_DEVICE_FAMILY = "1,2";
			};
			name = Debug;
		};
		8566F7B42024094B0078CDB2 /* Release */ = {
			isa = XCBuildConfiguration;
			buildSettings = {
				ASSETCATALOG_COMPILER_APPICON_NAME = AppIcon;
				CODE_SIGN_STYLE = Automatic;
				DEVELOPMENT_TEAM = DZK6T3AW3W;
				INFOPLIST_FILE = Runtime/Info.plist;
				IPHONEOS_DEPLOYMENT_TARGET = 10.0;
				LD_RUNPATH_SEARCH_PATHS = "$(inherited) @executable_path/Frameworks";
				PRODUCT_BUNDLE_IDENTIFIER = "--.Runtime";
				PRODUCT_NAME = "$(TARGET_NAME)";
				TARGETED_DEVICE_FAMILY = "1,2";
			};
			name = Release;
		};
		8566F7B62024094B0078CDB2 /* Debug */ = {
			isa = XCBuildConfiguration;
			buildSettings = {
				BUNDLE_LOADER = "$(TEST_HOST)";
				CODE_SIGN_STYLE = Automatic;
				DEVELOPMENT_TEAM = DZK6T3AW3W;
				INFOPLIST_FILE = RuntimeTests/Info.plist;
				LD_RUNPATH_SEARCH_PATHS = "$(inherited) @executable_path/Frameworks @loader_path/Frameworks";
				PRODUCT_BUNDLE_IDENTIFIER = "--.RuntimeTests";
				PRODUCT_NAME = "$(TARGET_NAME)";
				TARGETED_DEVICE_FAMILY = "1,2";
				TEST_HOST = "$(BUILT_PRODUCTS_DIR)/Runtime.app/Runtime";
			};
			name = Debug;
		};
		8566F7B72024094B0078CDB2 /* Release */ = {
			isa = XCBuildConfiguration;
			buildSettings = {
				BUNDLE_LOADER = "$(TEST_HOST)";
				CODE_SIGN_STYLE = Automatic;
				DEVELOPMENT_TEAM = DZK6T3AW3W;
				INFOPLIST_FILE = RuntimeTests/Info.plist;
				LD_RUNPATH_SEARCH_PATHS = "$(inherited) @executable_path/Frameworks @loader_path/Frameworks";
				PRODUCT_BUNDLE_IDENTIFIER = "--.RuntimeTests";
				PRODUCT_NAME = "$(TARGET_NAME)";
				TARGETED_DEVICE_FAMILY = "1,2";
				TEST_HOST = "$(BUILT_PRODUCTS_DIR)/Runtime.app/Runtime";
			};
			name = Release;
		};
		8566F7B92024094B0078CDB2 /* Debug */ = {
			isa = XCBuildConfiguration;
			buildSettings = {
				CODE_SIGN_STYLE = Automatic;
				DEVELOPMENT_TEAM = DZK6T3AW3W;
				INFOPLIST_FILE = RuntimeUITests/Info.plist;
				LD_RUNPATH_SEARCH_PATHS = "$(inherited) @executable_path/Frameworks @loader_path/Frameworks";
				PRODUCT_BUNDLE_IDENTIFIER = "--.RuntimeUITests";
				PRODUCT_NAME = "$(TARGET_NAME)";
				TARGETED_DEVICE_FAMILY = "1,2";
				TEST_TARGET_NAME = Runtime;
			};
			name = Debug;
		};
		8566F7BA2024094B0078CDB2 /* Release */ = {
			isa = XCBuildConfiguration;
			buildSettings = {
				CODE_SIGN_STYLE = Automatic;
				DEVELOPMENT_TEAM = DZK6T3AW3W;
				INFOPLIST_FILE = RuntimeUITests/Info.plist;
				LD_RUNPATH_SEARCH_PATHS = "$(inherited) @executable_path/Frameworks @loader_path/Frameworks";
				PRODUCT_BUNDLE_IDENTIFIER = "--.RuntimeUITests";
				PRODUCT_NAME = "$(TARGET_NAME)";
				TARGETED_DEVICE_FAMILY = "1,2";
				TEST_TARGET_NAME = Runtime;
			};
			name = Release;
		};
/* End XCBuildConfiguration section */

/* Begin XCConfigurationList section */
		8566F7812024094B0078CDB2 /* Build configuration list for PBXProject "Runtime" */ = {
			isa = XCConfigurationList;
			buildConfigurations = (
				8566F7B02024094B0078CDB2 /* Debug */,
				8566F7B12024094B0078CDB2 /* Release */,
			);
			defaultConfigurationIsVisible = 0;
			defaultConfigurationName = Release;
		};
		8566F7B22024094B0078CDB2 /* Build configuration list for PBXNativeTarget "Runtime" */ = {
			isa = XCConfigurationList;
			buildConfigurations = (
				8566F7B32024094B0078CDB2 /* Debug */,
				8566F7B42024094B0078CDB2 /* Release */,
			);
			defaultConfigurationIsVisible = 0;
			defaultConfigurationName = Release;
		};
		8566F7B52024094B0078CDB2 /* Build configuration list for PBXNativeTarget "RuntimeTests" */ = {
			isa = XCConfigurationList;
			buildConfigurations = (
				8566F7B62024094B0078CDB2 /* Debug */,
				8566F7B72024094B0078CDB2 /* Release */,
			);
			defaultConfigurationIsVisible = 0;
			defaultConfigurationName = Release;
		};
		8566F7B82024094B0078CDB2 /* Build configuration list for PBXNativeTarget "RuntimeUITests" */ = {
			isa = XCConfigurationList;
			buildConfigurations = (
				8566F7B92024094B0078CDB2 /* Debug */,
				8566F7BA2024094B0078CDB2 /* Release */,
			);
			defaultConfigurationIsVisible = 0;
			defaultConfigurationName = Release;
		};
/* End XCConfigurationList section */
	};
	rootObject = 8566F77E2024094B0078CDB2 /* Project object */;
}
